// !$*UTF8*$!
{
	archiveVersion = 1;
	classes = {
	};
	objectVersion = 50;
	objects = {

/* Begin PBXBuildFile section */
		95F4E4847AECC6F58047D9D6 /* libPods-MVPDemo.a in Frameworks */ = {isa = PBXBuildFile; fileRef = 59CF916DADFCF0E8DFD88473 /* libPods-MVPDemo.a */; };
		9C4CFE8D20AF25E100E6CF0E /* AppDelegate.m in Sources */ = {isa = PBXBuildFile; fileRef = 9C4CFE8C20AF25E100E6CF0E /* AppDelegate.m */; };
		9C4CFE9020AF25E100E6CF0E /* ViewController.m in Sources */ = {isa = PBXBuildFile; fileRef = 9C4CFE8F20AF25E100E6CF0E /* ViewController.m */; };
		9C4CFE9320AF25E100E6CF0E /* Main.storyboard in Resources */ = {isa = PBXBuildFile; fileRef = 9C4CFE9120AF25E100E6CF0E /* Main.storyboard */; };
		9C4CFE9520AF25E400E6CF0E /* Assets.xcassets in Resources */ = {isa = PBXBuildFile; fileRef = 9C4CFE9420AF25E400E6CF0E /* Assets.xcassets */; };
		9C4CFE9820AF25E400E6CF0E /* LaunchScreen.storyboard in Resources */ = {isa = PBXBuildFile; fileRef = 9C4CFE9620AF25E400E6CF0E /* LaunchScreen.storyboard */; };
		9C4CFE9B20AF25E400E6CF0E /* main.m in Sources */ = {isa = PBXBuildFile; fileRef = 9C4CFE9A20AF25E400E6CF0E /* main.m */; };
		9C4CFEE020AFCEDD00E6CF0E /* FirstViewController.m in Sources */ = {isa = PBXBuildFile; fileRef = 9C4CFEDC20AFCEDD00E6CF0E /* FirstViewController.m */; };
		9C4CFEE320AFCF0600E6CF0E /* ZYFBasePresenter.m in Sources */ = {isa = PBXBuildFile; fileRef = 9C4CFEE220AFCF0600E6CF0E /* ZYFBasePresenter.m */; };
		9C4CFF0120AFD92800E6CF0E /* CollectionPresenter.m in Sources */ = {isa = PBXBuildFile; fileRef = 9C4CFF0020AFD92800E6CF0E /* CollectionPresenter.m */; };
		9C4CFF0520AFDA0D00E6CF0E /* HomeCell.m in Sources */ = {isa = PBXBuildFile; fileRef = 9C4CFF0220AFDA0A00E6CF0E /* HomeCell.m */; };
		9C4CFF0620AFDA0D00E6CF0E /* HomeCell.xib in Resources */ = {isa = PBXBuildFile; fileRef = 9C4CFF0320AFDA0B00E6CF0E /* HomeCell.xib */; };
		9C4CFF0920AFDB9900E6CF0E /* HeaderView.m in Sources */ = {isa = PBXBuildFile; fileRef = 9C4CFF0820AFDB9900E6CF0E /* HeaderView.m */; };
		9C4CFF0C20AFDD0000E6CF0E /* NetWorkManager.m in Sources */ = {isa = PBXBuildFile; fileRef = 9C4CFF0A20AFDCFF00E6CF0E /* NetWorkManager.m */; };
		9C4CFF0F20AFDD6000E6CF0E /* authorModel.m in Sources */ = {isa = PBXBuildFile; fileRef = 9C4CFF0D20AFDD5F00E6CF0E /* authorModel.m */; };
		9C4CFF1220AFE4B400E6CF0E /* LoginViewController.m in Sources */ = {isa = PBXBuildFile; fileRef = 9C4CFF1120AFE4B400E6CF0E /* LoginViewController.m */; };
		9C4CFF1520AFE5DF00E6CF0E /* PersonModel.m in Sources */ = {isa = PBXBuildFile; fileRef = 9C4CFF1320AFE5DE00E6CF0E /* PersonModel.m */; };
		9C4CFF1820AFE60300E6CF0E /* UserInfoManager.m in Sources */ = {isa = PBXBuildFile; fileRef = 9C4CFF1720AFE60300E6CF0E /* UserInfoManager.m */; };
/* End PBXBuildFile section */

/* Begin PBXFileReference section */
		59CF916DADFCF0E8DFD88473 /* libPods-MVPDemo.a */ = {isa = PBXFileReference; explicitFileType = archive.ar; includeInIndex = 0; path = "libPods-MVPDemo.a"; sourceTree = BUILT_PRODUCTS_DIR; };
		7E70D9375A8591D84C10BC45 /* Pods-MVPDemo.debug.xcconfig */ = {isa = PBXFileReference; includeInIndex = 1; lastKnownFileType = text.xcconfig; name = "Pods-MVPDemo.debug.xcconfig"; path = "Pods/Target Support Files/Pods-MVPDemo/Pods-MVPDemo.debug.xcconfig"; sourceTree = "<group>"; };
		9C4CFE8820AF25E100E6CF0E /* MVPDemo.app */ = {isa = PBXFileReference; explicitFileType = wrapper.application; includeInIndex = 0; path = MVPDemo.app; sourceTree = BUILT_PRODUCTS_DIR; };
		9C4CFE8B20AF25E100E6CF0E /* AppDelegate.h */ = {isa = PBXFileReference; lastKnownFileType = sourcecode.c.h; path = AppDelegate.h; sourceTree = "<group>"; };
		9C4CFE8C20AF25E100E6CF0E /* AppDelegate.m */ = {isa = PBXFileReference; lastKnownFileType = sourcecode.c.objc; path = AppDelegate.m; sourceTree = "<group>"; };
		9C4CFE8E20AF25E100E6CF0E /* ViewController.h */ = {isa = PBXFileReference; lastKnownFileType = sourcecode.c.h; path = ViewController.h; sourceTree = "<group>"; };
		9C4CFE8F20AF25E100E6CF0E /* ViewController.m */ = {isa = PBXFileReference; lastKnownFileType = sourcecode.c.objc; path = ViewController.m; sourceTree = "<group>"; };
		9C4CFE9220AF25E100E6CF0E /* Base */ = {isa = PBXFileReference; lastKnownFileType = file.storyboard; name = Base; path = Base.lproj/Main.storyboard; sourceTree = "<group>"; };
		9C4CFE9420AF25E400E6CF0E /* Assets.xcassets */ = {isa = PBXFileReference; lastKnownFileType = folder.assetcatalog; path = Assets.xcassets; sourceTree = "<group>"; };
		9C4CFE9720AF25E400E6CF0E /* Base */ = {isa = PBXFileReference; lastKnownFileType = file.storyboard; name = Base; path = Base.lproj/LaunchScreen.storyboard; sourceTree = "<group>"; };
		9C4CFE9920AF25E400E6CF0E /* Info.plist */ = {isa = PBXFileReference; lastKnownFileType = text.plist.xml; path = Info.plist; sourceTree = "<group>"; };
		9C4CFE9A20AF25E400E6CF0E /* main.m */ = {isa = PBXFileReference; lastKnownFileType = sourcecode.c.objc; path = main.m; sourceTree = "<group>"; };
		9C4CFEA120AF263400E6CF0E /* Header.h */ = {isa = PBXFileReference; lastKnownFileType = sourcecode.c.h; path = Header.h; sourceTree = "<group>"; };
		9C4CFEA220AF264700E6CF0E /* PrefixHeader.pch */ = {isa = PBXFileReference; lastKnownFileType = sourcecode.c.h; path = PrefixHeader.pch; sourceTree = "<group>"; };
		9C4CFEDB20AFCEDD00E6CF0E /* FirstViewController.h */ = {isa = PBXFileReference; fileEncoding = 4; lastKnownFileType = sourcecode.c.h; path = FirstViewController.h; sourceTree = "<group>"; };
		9C4CFEDC20AFCEDD00E6CF0E /* FirstViewController.m */ = {isa = PBXFileReference; fileEncoding = 4; lastKnownFileType = sourcecode.c.objc; path = FirstViewController.m; sourceTree = "<group>"; };
		9C4CFEE120AFCF0600E6CF0E /* ZYFBasePresenter.h */ = {isa = PBXFileReference; lastKnownFileType = sourcecode.c.h; path = ZYFBasePresenter.h; sourceTree = "<group>"; };
		9C4CFEE220AFCF0600E6CF0E /* ZYFBasePresenter.m */ = {isa = PBXFileReference; lastKnownFileType = sourcecode.c.objc; path = ZYFBasePresenter.m; sourceTree = "<group>"; };
		9C4CFEE420AFCF4300E6CF0E /* FFProtocol.h */ = {isa = PBXFileReference; lastKnownFileType = sourcecode.c.h; path = FFProtocol.h; sourceTree = "<group>"; };
		9C4CFEFF20AFD92800E6CF0E /* CollectionPresenter.h */ = {isa = PBXFileReference; lastKnownFileType = sourcecode.c.h; path = CollectionPresenter.h; sourceTree = "<group>"; };
		9C4CFF0020AFD92800E6CF0E /* CollectionPresenter.m */ = {isa = PBXFileReference; lastKnownFileType = sourcecode.c.objc; path = CollectionPresenter.m; sourceTree = "<group>"; };
		9C4CFF0220AFDA0A00E6CF0E /* HomeCell.m */ = {isa = PBXFileReference; fileEncoding = 4; lastKnownFileType = sourcecode.c.objc; path = HomeCell.m; sourceTree = "<group>"; };
		9C4CFF0320AFDA0B00E6CF0E /* HomeCell.xib */ = {isa = PBXFileReference; fileEncoding = 4; lastKnownFileType = file.xib; path = HomeCell.xib; sourceTree = "<group>"; };
		9C4CFF0420AFDA0D00E6CF0E /* HomeCell.h */ = {isa = PBXFileReference; fileEncoding = 4; lastKnownFileType = sourcecode.c.h; path = HomeCell.h; sourceTree = "<group>"; };
		9C4CFF0720AFDB9900E6CF0E /* HeaderView.h */ = {isa = PBXFileReference; lastKnownFileType = sourcecode.c.h; path = HeaderView.h; sourceTree = "<group>"; };
		9C4CFF0820AFDB9900E6CF0E /* HeaderView.m */ = {isa = PBXFileReference; lastKnownFileType = sourcecode.c.objc; path = HeaderView.m; sourceTree = "<group>"; };
		9C4CFF0A20AFDCFF00E6CF0E /* NetWorkManager.m */ = {isa = PBXFileReference; fileEncoding = 4; lastKnownFileType = sourcecode.c.objc; path = NetWorkManager.m; sourceTree = "<group>"; };
		9C4CFF0B20AFDD0000E6CF0E /* NetWorkManager.h */ = {isa = PBXFileReference; fileEncoding = 4; lastKnownFileType = sourcecode.c.h; path = NetWorkManager.h; sourceTree = "<group>"; };
		9C4CFF0D20AFDD5F00E6CF0E /* authorModel.m */ = {isa = PBXFileReference; fileEncoding = 4; lastKnownFileType = sourcecode.c.objc; path = authorModel.m; sourceTree = "<group>"; };
		9C4CFF0E20AFDD6000E6CF0E /* authorModel.h */ = {isa = PBXFileReference; fileEncoding = 4; lastKnownFileType = sourcecode.c.h; path = authorModel.h; sourceTree = "<group>"; };
		9C4CFF1020AFE4B400E6CF0E /* LoginViewController.h */ = {isa = PBXFileReference; lastKnownFileType = sourcecode.c.h; path = LoginViewController.h; sourceTree = "<group>"; };
		9C4CFF1120AFE4B400E6CF0E /* LoginViewController.m */ = {isa = PBXFileReference; lastKnownFileType = sourcecode.c.objc; path = LoginViewController.m; sourceTree = "<group>"; };
		9C4CFF1320AFE5DE00E6CF0E /* PersonModel.m */ = {isa = PBXFileReference; fileEncoding = 4; lastKnownFileType = sourcecode.c.objc; path = PersonModel.m; sourceTree = "<group>"; };
		9C4CFF1420AFE5DF00E6CF0E /* PersonModel.h */ = {isa = PBXFileReference; fileEncoding = 4; lastKnownFileType = sourcecode.c.h; path = PersonModel.h; sourceTree = "<group>"; };
		9C4CFF1620AFE60200E6CF0E /* UserInfoManager.h */ = {isa = PBXFileReference; fileEncoding = 4; lastKnownFileType = sourcecode.c.h; path = UserInfoManager.h; sourceTree = "<group>"; };
		9C4CFF1720AFE60300E6CF0E /* UserInfoManager.m */ = {isa = PBXFileReference; fileEncoding = 4; lastKnownFileType = sourcecode.c.objc; path = UserInfoManager.m; sourceTree = "<group>"; };
		A84B9D0085EC8E6A68314838 /* Pods-MVPDemo.release.xcconfig */ = {isa = PBXFileReference; includeInIndex = 1; lastKnownFileType = text.xcconfig; name = "Pods-MVPDemo.release.xcconfig"; path = "Pods/Target Support Files/Pods-MVPDemo/Pods-MVPDemo.release.xcconfig"; sourceTree = "<group>"; };
/* End PBXFileReference section */

/* Begin PBXFrameworksBuildPhase section */
		9C4CFE8520AF25E100E6CF0E /* Frameworks */ = {
			isa = PBXFrameworksBuildPhase;
			buildActionMask = 2147483647;
			files = (
				95F4E4847AECC6F58047D9D6 /* libPods-MVPDemo.a in Frameworks */,
			);
			runOnlyForDeploymentPostprocessing = 0;
		};
/* End PBXFrameworksBuildPhase section */

/* Begin PBXGroup section */
		98D9414E3474831527754C48 /* Frameworks */ = {
			isa = PBXGroup;
			children = (
				59CF916DADFCF0E8DFD88473 /* libPods-MVPDemo.a */,
			);
			name = Frameworks;
			sourceTree = "<group>";
		};
		9C4CFE7F20AF25E100E6CF0E = {
			isa = PBXGroup;
			children = (
				9C4CFE8A20AF25E100E6CF0E /* MVPDemo */,
				9C4CFE8920AF25E100E6CF0E /* Products */,
				B7F95AAF9A6B616DB7B6839D /* Pods */,
				98D9414E3474831527754C48 /* Frameworks */,
			);
			sourceTree = "<group>";
		};
		9C4CFE8920AF25E100E6CF0E /* Products */ = {
			isa = PBXGroup;
			children = (
				9C4CFE8820AF25E100E6CF0E /* MVPDemo.app */,
			);
			name = Products;
			sourceTree = "<group>";
		};
		9C4CFE8A20AF25E100E6CF0E /* MVPDemo */ = {
			isa = PBXGroup;
			children = (
				9C4CFE8B20AF25E100E6CF0E /* AppDelegate.h */,
				9C4CFE8C20AF25E100E6CF0E /* AppDelegate.m */,
				9C4CFF0B20AFDD0000E6CF0E /* NetWorkManager.h */,
				9C4CFF0A20AFDCFF00E6CF0E /* NetWorkManager.m */,
				9C4CFF1620AFE60200E6CF0E /* UserInfoManager.h */,
				9C4CFF1720AFE60300E6CF0E /* UserInfoManager.m */,
				9C4CFE8E20AF25E100E6CF0E /* ViewController.h */,
				9C4CFE8F20AF25E100E6CF0E /* ViewController.m */,
				9C4CFEDD20AFCEDD00E6CF0E /* Model */,
				9C4CFEDE20AFCEDD00E6CF0E /* Presenter */,
				9C4CFEDF20AFCEDD00E6CF0E /* View */,
				9C4CFEDA20AFCEDD00E6CF0E /* ViewController */,
				9C4CFEA120AF263400E6CF0E /* Header.h */,
				9C4CFEA220AF264700E6CF0E /* PrefixHeader.pch */,
				9C4CFE9120AF25E100E6CF0E /* Main.storyboard */,
				9C4CFE9420AF25E400E6CF0E /* Assets.xcassets */,
				9C4CFE9620AF25E400E6CF0E /* LaunchScreen.storyboard */,
				9C4CFE9920AF25E400E6CF0E /* Info.plist */,
				9C4CFE9A20AF25E400E6CF0E /* main.m */,
			);
			path = MVPDemo;
			sourceTree = "<group>";
		};
		9C4CFEDA20AFCEDD00E6CF0E /* ViewController */ = {
			isa = PBXGroup;
			children = (
				9C4CFEDB20AFCEDD00E6CF0E /* FirstViewController.h */,
				9C4CFEDC20AFCEDD00E6CF0E /* FirstViewController.m */,
				9C4CFF1020AFE4B400E6CF0E /* LoginViewController.h */,
				9C4CFF1120AFE4B400E6CF0E /* LoginViewController.m */,
			);
			path = ViewController;
			sourceTree = "<group>";
		};
		9C4CFEDD20AFCEDD00E6CF0E /* Model */ = {
			isa = PBXGroup;
			children = (
				9C4CFF1420AFE5DF00E6CF0E /* PersonModel.h */,
				9C4CFF1320AFE5DE00E6CF0E /* PersonModel.m */,
				9C4CFF0E20AFDD6000E6CF0E /* authorModel.h */,
				9C4CFF0D20AFDD5F00E6CF0E /* authorModel.m */,
			);
			path = Model;
			sourceTree = "<group>";
		};
		9C4CFEDE20AFCEDD00E6CF0E /* Presenter */ = {
			isa = PBXGroup;
			children = (
				9C4CFEE120AFCF0600E6CF0E /* ZYFBasePresenter.h */,
				9C4CFEE220AFCF0600E6CF0E /* ZYFBasePresenter.m */,
				9C4CFEE420AFCF4300E6CF0E /* FFProtocol.h */,
				9C4CFEFF20AFD92800E6CF0E /* CollectionPresenter.h */,
				9C4CFF0020AFD92800E6CF0E /* CollectionPresenter.m */,
			);
			path = Presenter;
			sourceTree = "<group>";
		};
		9C4CFEDF20AFCEDD00E6CF0E /* View */ = {
			isa = PBXGroup;
			children = (
				9C4CFF0420AFDA0D00E6CF0E /* HomeCell.h */,
				9C4CFF0220AFDA0A00E6CF0E /* HomeCell.m */,
				9C4CFF0320AFDA0B00E6CF0E /* HomeCell.xib */,
				9C4CFF0720AFDB9900E6CF0E /* HeaderView.h */,
				9C4CFF0820AFDB9900E6CF0E /* HeaderView.m */,
			);
			path = View;
			sourceTree = "<group>";
		};
		B7F95AAF9A6B616DB7B6839D /* Pods */ = {
			isa = PBXGroup;
			children = (
				7E70D9375A8591D84C10BC45 /* Pods-MVPDemo.debug.xcconfig */,
				A84B9D0085EC8E6A68314838 /* Pods-MVPDemo.release.xcconfig */,
			);
			name = Pods;
			sourceTree = "<group>";
		};
/* End PBXGroup section */

/* Begin PBXNativeTarget section */
		9C4CFE8720AF25E100E6CF0E /* MVPDemo */ = {
			isa = PBXNativeTarget;
			buildConfigurationList = 9C4CFE9E20AF25E400E6CF0E /* Build configuration list for PBXNativeTarget "MVPDemo" */;
			buildPhases = (
				78FD75EAE1B4D3BBD8FF8802 /* [CP] Check Pods Manifest.lock */,
				9C4CFE8420AF25E100E6CF0E /* Sources */,
				9C4CFE8520AF25E100E6CF0E /* Frameworks */,
				9C4CFE8620AF25E100E6CF0E /* Resources */,
				3D59DC5CC309550948DB05C4 /* [CP] Copy Pods Resources */,
			);
			buildRules = (
			);
			dependencies = (
			);
			name = MVPDemo;
			productName = MVPDemo;
			productReference = 9C4CFE8820AF25E100E6CF0E /* MVPDemo.app */;
			productType = "com.apple.product-type.application";
		};
/* End PBXNativeTarget section */

/* Begin PBXProject section */
		9C4CFE8020AF25E100E6CF0E /* Project object */ = {
			isa = PBXProject;
			attributes = {
				LastUpgradeCheck = 0930;
				ORGANIZATIONNAME = com.justsee;
				TargetAttributes = {
					9C4CFE8720AF25E100E6CF0E = {
						CreatedOnToolsVersion = 9.3;
					};
				};
			};
			buildConfigurationList = 9C4CFE8320AF25E100E6CF0E /* Build configuration list for PBXProject "MVPDemo" */;
			compatibilityVersion = "Xcode 9.3";
			developmentRegion = en;
			hasScannedForEncodings = 0;
			knownRegions = (
				en,
				Base,
			);
			mainGroup = 9C4CFE7F20AF25E100E6CF0E;
			productRefGroup = 9C4CFE8920AF25E100E6CF0E /* Products */;
			projectDirPath = "";
			projectRoot = "";
			targets = (
				9C4CFE8720AF25E100E6CF0E /* MVPDemo */,
			);
		};
/* End PBXProject section */

/* Begin PBXResourcesBuildPhase section */
		9C4CFE8620AF25E100E6CF0E /* Resources */ = {
			isa = PBXResourcesBuildPhase;
			buildActionMask = 2147483647;
			files = (
				9C4CFE9820AF25E400E6CF0E /* LaunchScreen.storyboard in Resources */,
				9C4CFE9520AF25E400E6CF0E /* Assets.xcassets in Resources */,
				9C4CFF0620AFDA0D00E6CF0E /* HomeCell.xib in Resources */,
				9C4CFE9320AF25E100E6CF0E /* Main.storyboard in Resources */,
			);
			runOnlyForDeploymentPostprocessing = 0;
		};
/* End PBXResourcesBuildPhase section */

/* Begin PBXShellScriptBuildPhase section */
		3D59DC5CC309550948DB05C4 /* [CP] Copy Pods Resources */ = {
			isa = PBXShellScriptBuildPhase;
			buildActionMask = 2147483647;
			files = (
			);
			inputPaths = (
				"${SRCROOT}/Pods/Target Support Files/Pods-MVPDemo/Pods-MVPDemo-resources.sh",
				"${PODS_ROOT}/MJRefresh/MJRefresh/MJRefresh.bundle",
				"${PODS_ROOT}/SVProgressHUD/SVProgressHUD/SVProgressHUD.bundle",
			);
			name = "[CP] Copy Pods Resources";
			outputPaths = (
				"${TARGET_BUILD_DIR}/${UNLOCALIZED_RESOURCES_FOLDER_PATH}/MJRefresh.bundle",
				"${TARGET_BUILD_DIR}/${UNLOCALIZED_RESOURCES_FOLDER_PATH}/SVProgressHUD.bundle",
			);
			runOnlyForDeploymentPostprocessing = 0;
			shellPath = /bin/sh;
			shellScript = "\"${SRCROOT}/Pods/Target Support Files/Pods-MVPDemo/Pods-MVPDemo-resources.sh\"\n";
			showEnvVarsInLog = 0;
		};
		78FD75EAE1B4D3BBD8FF8802 /* [CP] Check Pods Manifest.lock */ = {
			isa = PBXShellScriptBuildPhase;
			buildActionMask = 2147483647;
			files = (
			);
			inputPaths = (
				"${PODS_PODFILE_DIR_PATH}/Podfile.lock",
				"${PODS_ROOT}/Manifest.lock",
			);
			name = "[CP] Check Pods Manifest.lock";
			outputPaths = (
				"$(DERIVED_FILE_DIR)/Pods-MVPDemo-checkManifestLockResult.txt",
			);
			runOnlyForDeploymentPostprocessing = 0;
			shellPath = /bin/sh;
			shellScript = "diff \"${PODS_PODFILE_DIR_PATH}/Podfile.lock\" \"${PODS_ROOT}/Manifest.lock\" > /dev/null\nif [ $? != 0 ] ; then\n    # print error to STDERR\n    echo \"error: The sandbox is not in sync with the Podfile.lock. Run 'pod install' or update your CocoaPods installation.\" >&2\n    exit 1\nfi\n# This output is used by Xcode 'outputs' to avoid re-running this script phase.\necho \"SUCCESS\" > \"${SCRIPT_OUTPUT_FILE_0}\"\n";
			showEnvVarsInLog = 0;
		};
/* End PBXShellScriptBuildPhase section */

/* Begin PBXSourcesBuildPhase section */
		9C4CFE8420AF25E100E6CF0E /* Sources */ = {
			isa = PBXSourcesBuildPhase;
			buildActionMask = 2147483647;
			files = (
				9C4CFF1520AFE5DF00E6CF0E /* PersonModel.m in Sources */,
				9C4CFF1820AFE60300E6CF0E /* UserInfoManager.m in Sources */,
				9C4CFE9020AF25E100E6CF0E /* ViewController.m in Sources */,
				9C4CFE9B20AF25E400E6CF0E /* main.m in Sources */,
				9C4CFE8D20AF25E100E6CF0E /* AppDelegate.m in Sources */,
				9C4CFF0920AFDB9900E6CF0E /* HeaderView.m in Sources */,
				9C4CFEE320AFCF0600E6CF0E /* ZYFBasePresenter.m in Sources */,
				9C4CFF0120AFD92800E6CF0E /* CollectionPresenter.m in Sources */,
				9C4CFF0F20AFDD6000E6CF0E /* authorModel.m in Sources */,
				9C4CFF0C20AFDD0000E6CF0E /* NetWorkManager.m in Sources */,
				9C4CFF0520AFDA0D00E6CF0E /* HomeCell.m in Sources */,
				9C4CFF1220AFE4B400E6CF0E /* LoginViewController.m in Sources */,
				9C4CFEE020AFCEDD00E6CF0E /* FirstViewController.m in Sources */,
			);
			runOnlyForDeploymentPostprocessing = 0;
		};
/* End PBXSourcesBuildPhase section */

/* Begin PBXVariantGroup section */
		9C4CFE9120AF25E100E6CF0E /* Main.storyboard */ = {
			isa = PBXVariantGroup;
			children = (
				9C4CFE9220AF25E100E6CF0E /* Base */,
			);
			name = Main.storyboard;
			sourceTree = "<group>";
		};
		9C4CFE9620AF25E400E6CF0E /* LaunchScreen.storyboard */ = {
			isa = PBXVariantGroup;
			children = (
				9C4CFE9720AF25E400E6CF0E /* Base */,
			);
			name = LaunchScreen.storyboard;
			sourceTree = "<group>";
		};
/* End PBXVariantGroup section */

/* Begin XCBuildConfiguration section */
		9C4CFE9C20AF25E400E6CF0E /* Debug */ = {
			isa = XCBuildConfiguration;
			buildSettings = {
				ALWAYS_SEARCH_USER_PATHS = NO;
				CLANG_ANALYZER_NONNULL = YES;
				CLANG_ANALYZER_NUMBER_OBJECT_CONVERSION = YES_AGGRESSIVE;
				CLANG_CXX_LANGUAGE_STANDARD = "gnu++14";
				CLANG_CXX_LIBRARY = "libc++";
				CLANG_ENABLE_MODULES = YES;
				CLANG_ENABLE_OBJC_ARC = YES;
				CLANG_ENABLE_OBJC_WEAK = YES;
				CLANG_WARN_BLOCK_CAPTURE_AUTORELEASING = YES;
				CLANG_WARN_BOOL_CONVERSION = YES;
				CLANG_WARN_COMMA = YES;
				CLANG_WARN_CONSTANT_CONVERSION = YES;
				CLANG_WARN_DEPRECATED_OBJC_IMPLEMENTATIONS = YES;
				CLANG_WARN_DIRECT_OBJC_ISA_USAGE = YES_ERROR;
				CLANG_WARN_DOCUMENTATION_COMMENTS = YES;
				CLANG_WARN_EMPTY_BODY = YES;
				CLANG_WARN_ENUM_CONVERSION = YES;
				CLANG_WARN_INFINITE_RECURSION = YES;
				CLANG_WARN_INT_CONVERSION = YES;
				CLANG_WARN_NON_LITERAL_NULL_CONVERSION = YES;
				CLANG_WARN_OBJC_IMPLICIT_RETAIN_SELF = YES;
				CLANG_WARN_OBJC_LITERAL_CONVERSION = YES;
				CLANG_WARN_OBJC_ROOT_CLASS = YES_ERROR;
				CLANG_WARN_RANGE_LOOP_ANALYSIS = YES;
				CLANG_WARN_STRICT_PROTOTYPES = YES;
				CLANG_WARN_SUSPICIOUS_MOVE = YES;
				CLANG_WARN_UNGUARDED_AVAILABILITY = YES_AGGRESSIVE;
				CLANG_WARN_UNREACHABLE_CODE = YES;
				CLANG_WARN__DUPLICATE_METHOD_MATCH = YES;
				CODE_SIGN_IDENTITY = "iPhone Developer";
				COPY_PHASE_STRIP = NO;
				DEBUG_INFORMATION_FORMAT = dwarf;
				ENABLE_STRICT_OBJC_MSGSEND = YES;
				ENABLE_TESTABILITY = YES;
				GCC_C_LANGUAGE_STANDARD = gnu11;
				GCC_DYNAMIC_NO_PIC = NO;
				GCC_NO_COMMON_BLOCKS = YES;
				GCC_OPTIMIZATION_LEVEL = 0;
				GCC_PREPROCESSOR_DEFINITIONS = (
					"DEBUG=1",
					"$(inherited)",
				);
				GCC_WARN_64_TO_32_BIT_CONVERSION = YES;
				GCC_WARN_ABOUT_RETURN_TYPE = YES_ERROR;
				GCC_WARN_UNDECLARED_SELECTOR = YES;
				GCC_WARN_UNINITIALIZED_AUTOS = YES_AGGRESSIVE;
				GCC_WARN_UNUSED_FUNCTION = YES;
				GCC_WARN_UNUSED_VARIABLE = YES;
				IPHONEOS_DEPLOYMENT_TARGET = 11.3;
				MTL_ENABLE_DEBUG_INFO = YES;
				ONLY_ACTIVE_ARCH = YES;
				SDKROOT = iphoneos;
			};
			name = Debug;
		};
		9C4CFE9D20AF25E400E6CF0E /* Release */ = {
			isa = XCBuildConfiguration;
			buildSettings = {
				ALWAYS_SEARCH_USER_PATHS = NO;
				CLANG_ANALYZER_NONNULL = YES;
				CLANG_ANALYZER_NUMBER_OBJECT_CONVERSION = YES_AGGRESSIVE;
				CLANG_CXX_LANGUAGE_STANDARD = "gnu++14";
				CLANG_CXX_LIBRARY = "libc++";
				CLANG_ENABLE_MODULES = YES;
				CLANG_ENABLE_OBJC_ARC = YES;
				CLANG_ENABLE_OBJC_WEAK = YES;
				CLANG_WARN_BLOCK_CAPTURE_AUTORELEASING = YES;
				CLANG_WARN_BOOL_CONVERSION = YES;
				CLANG_WARN_COMMA = YES;
				CLANG_WARN_CONSTANT_CONVERSION = YES;
				CLANG_WARN_DEPRECATED_OBJC_IMPLEMENTATIONS = YES;
				CLANG_WARN_DIRECT_OBJC_ISA_USAGE = YES_ERROR;
				CLANG_WARN_DOCUMENTATION_COMMENTS = YES;
				CLANG_WARN_EMPTY_BODY = YES;
				CLANG_WARN_ENUM_CONVERSION = YES;
				CLANG_WARN_INFINITE_RECURSION = YES;
				CLANG_WARN_INT_CONVERSION = YES;
				CLANG_WARN_NON_LITERAL_NULL_CONVERSION = YES;
				CLANG_WARN_OBJC_IMPLICIT_RETAIN_SELF = YES;
				CLANG_WARN_OBJC_LITERAL_CONVERSION = YES;
				CLANG_WARN_OBJC_ROOT_CLASS = YES_ERROR;
				CLANG_WARN_RANGE_LOOP_ANALYSIS = YES;
				CLANG_WARN_STRICT_PROTOTYPES = YES;
				CLANG_WARN_SUSPICIOUS_MOVE = YES;
				CLANG_WARN_UNGUARDED_AVAILABILITY = YES_AGGRESSIVE;
				CLANG_WARN_UNREACHABLE_CODE = YES;
				CLANG_WARN__DUPLICATE_METHOD_MATCH = YES;
				CODE_SIGN_IDENTITY = "iPhone Developer";
				COPY_PHASE_STRIP = NO;
				DEBUG_INFORMATION_FORMAT = "dwarf-with-dsym";
				ENABLE_NS_ASSERTIONS = NO;
				ENABLE_STRICT_OBJC_MSGSEND = YES;
				GCC_C_LANGUAGE_STANDARD = gnu11;
				GCC_NO_COMMON_BLOCKS = YES;
				GCC_WARN_64_TO_32_BIT_CONVERSION = YES;
				GCC_WARN_ABOUT_RETURN_TYPE = YES_ERROR;
				GCC_WARN_UNDECLARED_SELECTOR = YES;
				GCC_WARN_UNINITIALIZED_AUTOS = YES_AGGRESSIVE;
				GCC_WARN_UNUSED_FUNCTION = YES;
				GCC_WARN_UNUSED_VARIABLE = YES;
				IPHONEOS_DEPLOYMENT_TARGET = 11.3;
				MTL_ENABLE_DEBUG_INFO = NO;
				SDKROOT = iphoneos;
				VALIDATE_PRODUCT = YES;
			};
			name = Release;
		};
		9C4CFE9F20AF25E400E6CF0E /* Debug */ = {
			isa = XCBuildConfiguration;
			baseConfigurationReference = 7E70D9375A8591D84C10BC45 /* Pods-MVPDemo.debug.xcconfig */;
			buildSettings = {
				ASSETCATALOG_COMPILER_APPICON_NAME = AppIcon;
				CODE_SIGN_STYLE = Automatic;
				GCC_PREFIX_HEADER = "$(SRCROOT)/MVPDemo/PrefixHeader.pch";
				INFOPLIST_FILE = MVPDemo/Info.plist;
				LD_RUNPATH_SEARCH_PATHS = (
					"$(inherited)",
					"@executable_path/Frameworks",
				);
				PRODUCT_BUNDLE_IDENTIFIER = com.justsee.MVPDemo;
				PRODUCT_NAME = "$(TARGET_NAME)";
				TARGETED_DEVICE_FAMILY = "1,2";
			};
			name = Debug;
		};
		9C4CFEA020AF25E400E6CF0E /* Release */ = {
			isa = XCBuildConfiguration;
			baseConfigurationReference = A84B9D0085EC8E6A68314838 /* Pods-MVPDemo.release.xcconfig */;
			buildSettings = {
				ASSETCATALOG_COMPILER_APPICON_NAME = AppIcon;
				CODE_SIGN_STYLE = Automatic;
				GCC_PREFIX_HEADER = "$(SRCROOT)/MVPDemo/PrefixHeader.pch";
				INFOPLIST_FILE = MVPDemo/Info.plist;
				LD_RUNPATH_SEARCH_PATHS = (
					"$(inherited)",
					"@executable_path/Frameworks",
				);
				PRODUCT_BUNDLE_IDENTIFIER = com.justsee.MVPDemo;
				PRODUCT_NAME = "$(TARGET_NAME)";
				TARGETED_DEVICE_FAMILY = "1,2";
			};
			name = Release;
		};
/* End XCBuildConfiguration section */

/* Begin XCConfigurationList section */
		9C4CFE8320AF25E100E6CF0E /* Build configuration list for PBXProject "MVPDemo" */ = {
			isa = XCConfigurationList;
			buildConfigurations = (
				9C4CFE9C20AF25E400E6CF0E /* Debug */,
				9C4CFE9D20AF25E400E6CF0E /* Release */,
			);
			defaultConfigurationIsVisible = 0;
			defaultConfigurationName = Release;
		};
		9C4CFE9E20AF25E400E6CF0E /* Build configuration list for PBXNativeTarget "MVPDemo" */ = {
			isa = XCConfigurationList;
			buildConfigurations = (
				9C4CFE9F20AF25E400E6CF0E /* Debug */,
				9C4CFEA020AF25E400E6CF0E /* Release */,
			);
			defaultConfigurationIsVisible = 0;
			defaultConfigurationName = Release;
		};
/* End XCConfigurationList section */
	};
	rootObject = 9C4CFE8020AF25E100E6CF0E /* Project object */;
}
